{
  "name": "blog",
  "version": "1.0.0",
  "lockfileVersion": 2,
  "requires": true,
  "packages": {
    "": {
      "name": "blog",
      "version": "1.0.0",
      "license": "ISC",
      "dependencies": {
        "@minify-html/node": "^0.15.0",
        "escape-html": "^1.0.3",
        "highlight.js": "^11.9.0",
        "markdown-it": "^14.1.0",
        "markdown-it-container": "^4.0.0",
        "markdown-it-texmath": "^1.0.0",
        "string-strip-html": "^13.4.8",
        "temml": "^0.10.24",
        "tmp": "^0.2.3",
        "yaml": "^2.4.1"
      }
    },
    "node_modules/@minify-html/node": {
      "version": "0.15.0",
      "resolved": "https://registry.npmjs.org/@minify-html/node/-/node-0.15.0.tgz",
      "integrity": "sha512-ANzt6ZBiqtwrepVXRfa0Qn/woCkINFBjQEKiXyBmg7+51mIFQHVAUbAm6UHRrT0L3xoPG0BX0/XI3NqtjK8Vyg==",
      "bin": {
        "minify-html": "cli.js"
      },
      "engines": {
        "node": ">= 8.6.0"
      },
      "optionalDependencies": {
        "@minify-html/node-darwin-arm64": "0.15.0",
        "@minify-html/node-darwin-x64": "0.15.0",
        "@minify-html/node-linux-arm64": "0.15.0",
        "@minify-html/node-linux-x64": "0.15.0",
        "@minify-html/node-win32-x64": "0.15.0"
      }
    },
    "node_modules/@minify-html/node-darwin-x64": {
      "version": "0.15.0",
      "resolved": "https://registry.npmjs.org/@minify-html/node-darwin-x64/-/node-darwin-x64-0.15.0.tgz",
      "integrity": "sha512-D9M9UDku/8I5VEMS0gTLFFQK1DFXK8io+QZvR5cbya4u8NmdDQix/t3EyCR4Wgv/Gfk86gwIS+zfMSvuKcpb5A==",
      "cpu": [
        "x64"
      ],
      "optional": true,
      "os": [
        "darwin"
      ]
    },
    "node_modules/@minify-html/node-linux-x64": {
      "version": "0.15.0",
      "resolved": "https://registry.npmjs.org/@minify-html/node-linux-x64/-/node-linux-x64-0.15.0.tgz",
      "integrity": "sha512-cO893EV6O9ZHUFX+2Yge546OCo/eCiatjzJDmUmrPP56fQ7pzTRquHs4ko3t8Rg6tMKG7RT49mBuF09JWPnrgg==",
      "cpu": [
        "x64"
      ],
      "optional": true,
      "os": [
        "linux"
      ]
    },
    "node_modules/@minify-html/node-win32-x64": {
      "version": "0.15.0",
      "resolved": "https://registry.npmjs.org/@minify-html/node-win32-x64/-/node-win32-x64-0.15.0.tgz",
      "integrity": "sha512-n92IFdtntchlUtyrq13pRI8TT3sOddbzuo4EPTSeocuTJMXaR77v0JYDu0fIjxXNawgGq6nBEeicxAcH4CbvUQ==",
      "cpu": [
        "x64"
      ],
      "optional": true,
      "os": [
        "win32"
      ]
    },
    "node_modules/@types/lodash": {
      "version": "4.17.7",
      "resolved": "https://registry.npmjs.org/@types/lodash/-/lodash-4.17.7.tgz",
      "integrity": "sha512-8wTvZawATi/lsmNu10/j2hk1KEP0IvjubqPE3cu1Xz7xfXXt5oCq3SNUz4fMIP4XGF9Ky+Ue2tBA3hcS7LSBlA=="
    },
    "node_modules/@types/lodash-es": {
      "version": "4.17.12",
      "resolved": "https://registry.npmjs.org/@types/lodash-es/-/lodash-es-4.17.12.tgz",
      "integrity": "sha512-0NgftHUcV4v34VhXm8QBSftKVXtbkBG3ViCjs6+eJ5a6y6Mi/jiFGPc1sC7QK+9BFhWrURE3EOggmWaSxL9OzQ==",
      "dependencies": {
        "@types/lodash": "*"
      }
    },
    "node_modules/argparse": {
      "version": "2.0.1",
      "resolved": "https://registry.npmjs.org/argparse/-/argparse-2.0.1.tgz",
      "integrity": "sha512-8+9WqebbFzpX9OR+Wa6O29asIogeRMzcGtAINdpMHHyAg10f05aSFVBbcEqGf/PXw1EjAZ+q2/bEBg3DvurK3Q=="
    },
    "node_modules/codsen-utils": {
      "version": "1.6.4",
      "resolved": "https://registry.npmjs.org/codsen-utils/-/codsen-utils-1.6.4.tgz",
      "integrity": "sha512-PDyvQ5f2PValmqZZIJATimcokDt4JjIev8cKbZgEOoZm+U1IJDYuLeTcxZPQdep99R/X0RIlQ6ReQgPOVnPbNw==",
      "dependencies": {
        "rfdc": "^1.3.1"
      },
      "engines": {
        "node": ">=14.18.0"
      }
    },
    "node_modules/entities": {
      "version": "4.5.0",
      "resolved": "https://registry.npmjs.org/entities/-/entities-4.5.0.tgz",
      "integrity": "sha512-V0hjH4dGPh9Ao5p0MoRY6BVqtwCjhz6vI5LT8AJ55H+4g9/4vbHx1I54fS0XuclLhDHArPQCiMjDxjaL8fPxhw==",
      "engines": {
        "node": ">=0.12"
      },
      "funding": {
        "url": "https://github.com/fb55/entities?sponsor=1"
      }
    },
    "node_modules/escape-html": {
      "version": "1.0.3",
      "resolved": "https://registry.npmjs.org/escape-html/-/escape-html-1.0.3.tgz",
      "integrity": "sha512-NiSupZ4OeuGwr68lGIeym/ksIZMJodUGOSCZ/FSnTxcrekbvqrgdUxlJOMpijaKZVjAJrWrGs/6Jy8OMuyj9ow=="
    },
    "node_modules/highlight.js": {
      "version": "11.9.0",
      "resolved": "https://registry.npmjs.org/highlight.js/-/highlight.js-11.9.0.tgz",
      "integrity": "sha512-fJ7cW7fQGCYAkgv4CPfwFHrfd/cLS4Hau96JuJ+ZTOWhjnhoeN1ub1tFmALm/+lW5z4WCAuAV9bm05AP0mS6Gw==",
      "engines": {
        "node": ">=12.0.0"
      }
    },
    "node_modules/html-entities": {
      "version": "2.5.2",
      "resolved": "https://registry.npmjs.org/html-entities/-/html-entities-2.5.2.tgz",
      "integrity": "sha512-K//PSRMQk4FZ78Kyau+mZurHn3FH0Vwr+H36eE0rPbeYkRRi9YxceYPhuN60UwWorxyKHhqoAJl2OFKa4BVtaA==",
      "funding": [
        {
          "type": "github",
          "url": "https://github.com/sponsors/mdevils"
        },
        {
          "type": "patreon",
          "url": "https://patreon.com/mdevils"
        }
      ]
    },
    "node_modules/linkify-it": {
      "version": "5.0.0",
      "resolved": "https://registry.npmjs.org/linkify-it/-/linkify-it-5.0.0.tgz",
      "integrity": "sha512-5aHCbzQRADcdP+ATqnDuhhJ/MRIqDkZX5pyjFHRRysS8vZ5AbqGEoFIb6pYHPZ+L/OC2Lc+xT8uHVVR5CAK/wQ==",
      "dependencies": {
        "uc.micro": "^2.0.0"
      }
    },
    "node_modules/lodash-es": {
      "version": "4.17.21",
      "resolved": "https://registry.npmjs.org/lodash-es/-/lodash-es-4.17.21.tgz",
      "integrity": "sha512-mKnC+QJ9pWVzv+C4/U3rRsHapFfHvQFoFB92e52xeyGMcX6/OlIl78je1u8vePzYZSkkogMPJ2yjxxsb89cxyw=="
    },
    "node_modules/markdown-it": {
      "version": "14.1.0",
      "resolved": "https://registry.npmjs.org/markdown-it/-/markdown-it-14.1.0.tgz",
      "integrity": "sha512-a54IwgWPaeBCAAsv13YgmALOF1elABB08FxO9i+r4VFk5Vl4pKokRPeX8u5TCgSsPi6ec1otfLjdOpVcgbpshg==",
      "dependencies": {
        "argparse": "^2.0.1",
        "entities": "^4.4.0",
        "linkify-it": "^5.0.0",
        "mdurl": "^2.0.0",
        "punycode.js": "^2.3.1",
        "uc.micro": "^2.1.0"
      },
      "bin": {
        "markdown-it": "bin/markdown-it.mjs"
      }
    },
    "node_modules/markdown-it-container": {
      "version": "4.0.0",
      "resolved": "https://registry.npmjs.org/markdown-it-container/-/markdown-it-container-4.0.0.tgz",
      "integrity": "sha512-HaNccxUH0l7BNGYbFbjmGpf5aLHAMTinqRZQAEQbMr2cdD3z91Q6kIo1oUn1CQndkT03jat6ckrdRYuwwqLlQw=="
    },
    "node_modules/markdown-it-texmath": {
      "version": "1.0.0",
      "resolved": "https://registry.npmjs.org/markdown-it-texmath/-/markdown-it-texmath-1.0.0.tgz",
      "integrity": "sha512-4hhkiX8/gus+6e53PLCUmUrsa6ZWGgJW2XCW6O0ASvZUiezIK900ZicinTDtG3kAO2kon7oUA/ReWmpW2FByxg=="
    },
    "node_modules/mdurl": {
      "version": "2.0.0",
      "resolved": "https://registry.npmjs.org/mdurl/-/mdurl-2.0.0.tgz",
      "integrity": "sha512-Lf+9+2r+Tdp5wXDXC4PcIBjTDtq4UKjCPMQhKIuzpJNW0b96kVqSwW0bT7FhRSfmAiFYgP+SCRvdrDozfh0U5w=="
    },
    "node_modules/punycode.js": {
      "version": "2.3.1",
      "resolved": "https://registry.npmjs.org/punycode.js/-/punycode.js-2.3.1.tgz",
      "integrity": "sha512-uxFIHU0YlHYhDQtV4R9J6a52SLx28BCjT+4ieh7IGbgwVJWO+km431c4yRlREUAsAmt/uMjQUyQHNEPf0M39CA==",
      "engines": {
        "node": ">=6"
      }
    },
    "node_modules/ranges-apply": {
      "version": "7.0.16",
      "resolved": "https://registry.npmjs.org/ranges-apply/-/ranges-apply-7.0.16.tgz",
      "integrity": "sha512-4rGJHOyA7qatiMDg3vcETkc/TVBPU86/xZRTXff6o7a2neYLmj0EXUUAlhLVuiWAzTPHDPHOQxtk8EDrIF4ohg==",
      "dependencies": {
        "ranges-merge": "^9.0.15",
        "tiny-invariant": "^1.3.3"
      },
      "engines": {
        "node": ">=14.18.0"
      }
    },
    "node_modules/ranges-merge": {
      "version": "9.0.15",
      "resolved": "https://registry.npmjs.org/ranges-merge/-/ranges-merge-9.0.15.tgz",
      "integrity": "sha512-hvt4hx0FKIaVfjd1oKx0poL57ljxdL2KHC6bXBrAdsx2iCsH+x7nO/5J0k2veM/isnOcFZKp0ZKkiCjCtzy74Q==",
      "dependencies": {
        "ranges-push": "^7.0.15",
        "ranges-sort": "^6.0.11"
      },
      "engines": {
        "node": ">=14.18.0"
      }
    },
    "node_modules/ranges-push": {
      "version": "7.0.15",
      "resolved": "https://registry.npmjs.org/ranges-push/-/ranges-push-7.0.15.tgz",
      "integrity": "sha512-gXpBYQ5Umf3uG6jkJnw5ddok2Xfo5p22rAJBLrqzNKa7qkj3q5AOCoxfRPXEHUVaJutfXc9K9eGXdIzdyQKPkw==",
      "dependencies": {
        "codsen-utils": "^1.6.4",
        "ranges-sort": "^6.0.11",
        "string-collapse-leading-whitespace": "^7.0.7",
        "string-trim-spaces-only": "^5.0.10"
      },
      "engines": {
        "node": ">=14.18.0"
      }
    },
    "node_modules/ranges-sort": {
      "version": "6.0.11",
      "resolved": "https://registry.npmjs.org/ranges-sort/-/ranges-sort-6.0.11.tgz",
      "integrity": "sha512-fhNEG0vGi7bESitNNqNBAfYPdl2efB+1paFlI8BQDCNkruERKuuhG8LkQClDIVqUJLkrmKuOSPQ3xZHqVnVo3Q==",
      "engines": {
        "node": ">=14.18.0"
      }
    },
    "node_modules/rfdc": {
      "version": "1.4.1",
      "resolved": "https://registry.npmjs.org/rfdc/-/rfdc-1.4.1.tgz",
      "integrity": "sha512-q1b3N5QkRUWUl7iyylaaj3kOpIT0N2i9MqIEQXP73GVsN9cw3fdx8X63cEmWhJGi2PPCF23Ijp7ktmd39rawIA=="
    },
    "node_modules/string-collapse-leading-whitespace": {
      "version": "7.0.7",
      "resolved": "https://registry.npmjs.org/string-collapse-leading-whitespace/-/string-collapse-leading-whitespace-7.0.7.tgz",
      "integrity": "sha512-jF9eynJoE6ezTCdYI8Qb02/ij/DlU9ItG93Dty4SWfJeLFrotOr+wH9IRiWHTqO3mjCyqBWEiU3uSTIbxYbAEQ==",
      "engines": {
        "node": ">=14.18.0"
      }
    },
    "node_modules/string-left-right": {
      "version": "6.0.17",
      "resolved": "https://registry.npmjs.org/string-left-right/-/string-left-right-6.0.17.tgz",
      "integrity": "sha512-nuyIV4D4ivnwT64E0TudmCRg52NfkumuEUilyoOrHb/Z2wEOF5I+9SI6P+veFKqWKZfGpAs6OqKe4nAjujARyw==",
      "dependencies": {
        "codsen-utils": "^1.6.4",
        "rfdc": "^1.3.1"
      },
      "engines": {
        "node": ">=14.18.0"
      }
    },
    "node_modules/string-strip-html": {
      "version": "13.4.8",
      "resolved": "https://registry.npmjs.org/string-strip-html/-/string-strip-html-13.4.8.tgz",
      "integrity": "sha512-vlcRAtx5DN6zXGUx3EYGFg0/JOQWM65mqLgDaBHviQPP+ovUFzqZ30iQ+674JHWr9wNgnzFGxx9TGipPZMnZXg==",
      "dependencies": {
        "@types/lodash-es": "^4.17.12",
        "codsen-utils": "^1.6.4",
        "html-entities": "^2.5.2",
        "lodash-es": "^4.17.21",
        "ranges-apply": "^7.0.16",
        "ranges-push": "^7.0.15",
        "string-left-right": "^6.0.17"
      },
      "engines": {
        "node": ">=14.18.0"
      }
    },
    "node_modules/string-trim-spaces-only": {
      "version": "5.0.10",
      "resolved": "https://registry.npmjs.org/string-trim-spaces-only/-/string-trim-spaces-only-5.0.10.tgz",
      "integrity": "sha512-MhmjE5jNqb1Ylo+BARPRlsdChGLrnPpAUWrT1VOxo9WhWwKVUU6CbZTfjwKaQPYTGS/wsX/4Zek88FM2rEb5iA==",
      "engines": {
        "node": ">=14.18.0"
      }
    },
    "node_modules/temml": {
      "version": "0.10.24",
      "resolved": "https://registry.npmjs.org/temml/-/temml-0.10.24.tgz",
      "integrity": "sha512-72RFSFttscrdbHKCvSxIqD1ZeNH//Ut2PnQaO4DafWsQPYAtIboH1W/TpbQp3YpQrgIU7g2i7tIgnNIKsJuFTA==",
      "engines": {
        "node": ">=18.13.0"
      }
    },
    "node_modules/tiny-invariant": {
      "version": "1.3.3",
      "resolved": "https://registry.npmjs.org/tiny-invariant/-/tiny-invariant-1.3.3.tgz",
      "integrity": "sha512-+FbBPE1o9QAYvviau/qC5SE3caw21q3xkvWKBtja5vgqOWIHHJ3ioaq1VPfn/Szqctz2bU/oYeKd9/z5BL+PVg=="
    },
    "node_modules/tmp": {
      "version": "0.2.3",
      "resolved": "https://registry.npmjs.org/tmp/-/tmp-0.2.3.tgz",
      "integrity": "sha512-nZD7m9iCPC5g0pYmcaxogYKggSfLsdxl8of3Q/oIbqCqLLIO9IAF0GWjX1z9NZRHPiXv8Wex4yDCaZsgEw0Y8w==",
      "engines": {
        "node": ">=14.14"
      }
    },
    "node_modules/uc.micro": {
      "version": "2.1.0",
      "resolved": "https://registry.npmjs.org/uc.micro/-/uc.micro-2.1.0.tgz",
      "integrity": "sha512-ARDJmphmdvUk6Glw7y9DQ2bFkKBHwQHLi2lsaH6PPmz/Ka9sFOBsBluozhDltWmnv9u/cF6Rt87znRTPV+yp/A=="
    },
    "node_modules/yaml": {
      "version": "2.4.1",
      "resolved": "https://registry.npmjs.org/yaml/-/yaml-2.4.1.tgz",
      "integrity": "sha512-pIXzoImaqmfOrL7teGUBt/T7ZDnyeGBWyXQBvOVhLkWLN37GXv8NMLK406UY6dS51JfcQHsmcW5cJ441bHg6Lg==",
      "bin": {
        "yaml": "bin.mjs"
      },
      "engines": {
        "node": ">= 14"
      }
    }
  },
  "dependencies": {
    "@minify-html/node": {
      "version": "0.15.0",
      "resolved": "https://registry.npmjs.org/@minify-html/node/-/node-0.15.0.tgz",
      "integrity": "sha512-ANzt6ZBiqtwrepVXRfa0Qn/woCkINFBjQEKiXyBmg7+51mIFQHVAUbAm6UHRrT0L3xoPG0BX0/XI3NqtjK8Vyg==",
      "requires": {
        "@minify-html/node-darwin-arm64": "0.15.0",
        "@minify-html/node-darwin-x64": "0.15.0",
        "@minify-html/node-linux-arm64": "0.15.0",
        "@minify-html/node-linux-x64": "0.15.0",
        "@minify-html/node-win32-x64": "0.15.0"
      }
    },
    "@minify-html/node-darwin-x64": {
      "version": "0.15.0",
      "resolved": "https://registry.npmjs.org/@minify-html/node-darwin-x64/-/node-darwin-x64-0.15.0.tgz",
      "integrity": "sha512-D9M9UDku/8I5VEMS0gTLFFQK1DFXK8io+QZvR5cbya4u8NmdDQix/t3EyCR4Wgv/Gfk86gwIS+zfMSvuKcpb5A==",
      "optional": true
    },
    "@minify-html/node-linux-x64": {
      "version": "0.15.0",
      "resolved": "https://registry.npmjs.org/@minify-html/node-linux-x64/-/node-linux-x64-0.15.0.tgz",
      "integrity": "sha512-cO893EV6O9ZHUFX+2Yge546OCo/eCiatjzJDmUmrPP56fQ7pzTRquHs4ko3t8Rg6tMKG7RT49mBuF09JWPnrgg==",
      "optional": true
    },
    "@minify-html/node-win32-x64": {
      "version": "0.15.0",
      "resolved": "https://registry.npmjs.org/@minify-html/node-win32-x64/-/node-win32-x64-0.15.0.tgz",
      "integrity": "sha512-n92IFdtntchlUtyrq13pRI8TT3sOddbzuo4EPTSeocuTJMXaR77v0JYDu0fIjxXNawgGq6nBEeicxAcH4CbvUQ==",
      "optional": true
    },
    "@types/lodash": {
      "version": "4.17.7",
      "resolved": "https://registry.npmjs.org/@types/lodash/-/lodash-4.17.7.tgz",
      "integrity": "sha512-8wTvZawATi/lsmNu10/j2hk1KEP0IvjubqPE3cu1Xz7xfXXt5oCq3SNUz4fMIP4XGF9Ky+Ue2tBA3hcS7LSBlA=="
    },
    "@types/lodash-es": {
      "version": "4.17.12",
      "resolved": "https://registry.npmjs.org/@types/lodash-es/-/lodash-es-4.17.12.tgz",
      "integrity": "sha512-0NgftHUcV4v34VhXm8QBSftKVXtbkBG3ViCjs6+eJ5a6y6Mi/jiFGPc1sC7QK+9BFhWrURE3EOggmWaSxL9OzQ==",
      "requires": {
        "@types/lodash": "*"
      }
    },
    "argparse": {
      "version": "2.0.1",
      "resolved": "https://registry.npmjs.org/argparse/-/argparse-2.0.1.tgz",
      "integrity": "sha512-8+9WqebbFzpX9OR+Wa6O29asIogeRMzcGtAINdpMHHyAg10f05aSFVBbcEqGf/PXw1EjAZ+q2/bEBg3DvurK3Q=="
    },
    "codsen-utils": {
      "version": "1.6.4",
      "resolved": "https://registry.npmjs.org/codsen-utils/-/codsen-utils-1.6.4.tgz",
      "integrity": "sha512-PDyvQ5f2PValmqZZIJATimcokDt4JjIev8cKbZgEOoZm+U1IJDYuLeTcxZPQdep99R/X0RIlQ6ReQgPOVnPbNw==",
      "requires": {
        "rfdc": "^1.3.1"
      }
    },
    "entities": {
      "version": "4.5.0",
      "resolved": "https://registry.npmjs.org/entities/-/entities-4.5.0.tgz",
      "integrity": "sha512-V0hjH4dGPh9Ao5p0MoRY6BVqtwCjhz6vI5LT8AJ55H+4g9/4vbHx1I54fS0XuclLhDHArPQCiMjDxjaL8fPxhw=="
    },
    "escape-html": {
      "version": "1.0.3",
      "resolved": "https://registry.npmjs.org/escape-html/-/escape-html-1.0.3.tgz",
      "integrity": "sha512-NiSupZ4OeuGwr68lGIeym/ksIZMJodUGOSCZ/FSnTxcrekbvqrgdUxlJOMpijaKZVjAJrWrGs/6Jy8OMuyj9ow=="
    },
    "highlight.js": {
      "version": "11.9.0",
      "resolved": "https://registry.npmjs.org/highlight.js/-/highlight.js-11.9.0.tgz",
      "integrity": "sha512-fJ7cW7fQGCYAkgv4CPfwFHrfd/cLS4Hau96JuJ+ZTOWhjnhoeN1ub1tFmALm/+lW5z4WCAuAV9bm05AP0mS6Gw=="
    },
    "html-entities": {
      "version": "2.5.2",
      "resolved": "https://registry.npmjs.org/html-entities/-/html-entities-2.5.2.tgz",
      "integrity": "sha512-K//PSRMQk4FZ78Kyau+mZurHn3FH0Vwr+H36eE0rPbeYkRRi9YxceYPhuN60UwWorxyKHhqoAJl2OFKa4BVtaA=="
    },
    "linkify-it": {
      "version": "5.0.0",
      "resolved": "https://registry.npmjs.org/linkify-it/-/linkify-it-5.0.0.tgz",
      "integrity": "sha512-5aHCbzQRADcdP+ATqnDuhhJ/MRIqDkZX5pyjFHRRysS8vZ5AbqGEoFIb6pYHPZ+L/OC2Lc+xT8uHVVR5CAK/wQ==",
      "requires": {
        "uc.micro": "^2.0.0"
      }
    },
    "lodash-es": {
      "version": "4.17.21",
      "resolved": "https://registry.npmjs.org/lodash-es/-/lodash-es-4.17.21.tgz",
      "integrity": "sha512-mKnC+QJ9pWVzv+C4/U3rRsHapFfHvQFoFB92e52xeyGMcX6/OlIl78je1u8vePzYZSkkogMPJ2yjxxsb89cxyw=="
    },
    "markdown-it": {
      "version": "14.1.0",
      "resolved": "https://registry.npmjs.org/markdown-it/-/markdown-it-14.1.0.tgz",
      "integrity": "sha512-a54IwgWPaeBCAAsv13YgmALOF1elABB08FxO9i+r4VFk5Vl4pKokRPeX8u5TCgSsPi6ec1otfLjdOpVcgbpshg==",
      "requires": {
        "argparse": "^2.0.1",
        "entities": "^4.4.0",
        "linkify-it": "^5.0.0",
        "mdurl": "^2.0.0",
        "punycode.js": "^2.3.1",
        "uc.micro": "^2.1.0"
      }
    },
    "markdown-it-container": {
      "version": "4.0.0",
      "resolved": "https://registry.npmjs.org/markdown-it-container/-/markdown-it-container-4.0.0.tgz",
      "integrity": "sha512-HaNccxUH0l7BNGYbFbjmGpf5aLHAMTinqRZQAEQbMr2cdD3z91Q6kIo1oUn1CQndkT03jat6ckrdRYuwwqLlQw=="
    },
    "markdown-it-texmath": {
      "version": "1.0.0",
      "resolved": "https://registry.npmjs.org/markdown-it-texmath/-/markdown-it-texmath-1.0.0.tgz",
      "integrity": "sha512-4hhkiX8/gus+6e53PLCUmUrsa6ZWGgJW2XCW6O0ASvZUiezIK900ZicinTDtG3kAO2kon7oUA/ReWmpW2FByxg=="
    },
    "mdurl": {
      "version": "2.0.0",
      "resolved": "https://registry.npmjs.org/mdurl/-/mdurl-2.0.0.tgz",
      "integrity": "sha512-Lf+9+2r+Tdp5wXDXC4PcIBjTDtq4UKjCPMQhKIuzpJNW0b96kVqSwW0bT7FhRSfmAiFYgP+SCRvdrDozfh0U5w=="
    },
    "punycode.js": {
      "version": "2.3.1",
      "resolved": "https://registry.npmjs.org/punycode.js/-/punycode.js-2.3.1.tgz",
      "integrity": "sha512-uxFIHU0YlHYhDQtV4R9J6a52SLx28BCjT+4ieh7IGbgwVJWO+km431c4yRlREUAsAmt/uMjQUyQHNEPf0M39CA=="
    },
    "ranges-apply": {
      "version": "7.0.16",
      "resolved": "https://registry.npmjs.org/ranges-apply/-/ranges-apply-7.0.16.tgz",
      "integrity": "sha512-4rGJHOyA7qatiMDg3vcETkc/TVBPU86/xZRTXff6o7a2neYLmj0EXUUAlhLVuiWAzTPHDPHOQxtk8EDrIF4ohg==",
      "requires": {
        "ranges-merge": "^9.0.15",
        "tiny-invariant": "^1.3.3"
      }
    },
    "ranges-merge": {
      "version": "9.0.15",
      "resolved": "https://registry.npmjs.org/ranges-merge/-/ranges-merge-9.0.15.tgz",
      "integrity": "sha512-hvt4hx0FKIaVfjd1oKx0poL57ljxdL2KHC6bXBrAdsx2iCsH+x7nO/5J0k2veM/isnOcFZKp0ZKkiCjCtzy74Q==",
      "requires": {
        "ranges-push": "^7.0.15",
        "ranges-sort": "^6.0.11"
      }
    },
    "ranges-push": {
      "version": "7.0.15",
      "resolved": "https://registry.npmjs.org/ranges-push/-/ranges-push-7.0.15.tgz",
      "integrity": "sha512-gXpBYQ5Umf3uG6jkJnw5ddok2Xfo5p22rAJBLrqzNKa7qkj3q5AOCoxfRPXEHUVaJutfXc9K9eGXdIzdyQKPkw==",
      "requires": {
        "codsen-utils": "^1.6.4",
        "ranges-sort": "^6.0.11",
        "string-collapse-leading-whitespace": "^7.0.7",
        "string-trim-spaces-only": "^5.0.10"
      }
    },
    "ranges-sort": {
      "version": "6.0.11",
      "resolved": "https://registry.npmjs.org/ranges-sort/-/ranges-sort-6.0.11.tgz",
      "integrity": "sha512-fhNEG0vGi7bESitNNqNBAfYPdl2efB+1paFlI8BQDCNkruERKuuhG8LkQClDIVqUJLkrmKuOSPQ3xZHqVnVo3Q=="
    },
    "rfdc": {
      "version": "1.4.1",
      "resolved": "https://registry.npmjs.org/rfdc/-/rfdc-1.4.1.tgz",
      "integrity": "sha512-q1b3N5QkRUWUl7iyylaaj3kOpIT0N2i9MqIEQXP73GVsN9cw3fdx8X63cEmWhJGi2PPCF23Ijp7ktmd39rawIA=="
    },
    "string-collapse-leading-whitespace": {
      "version": "7.0.7",
      "resolved": "https://registry.npmjs.org/string-collapse-leading-whitespace/-/string-collapse-leading-whitespace-7.0.7.tgz",
      "integrity": "sha512-jF9eynJoE6ezTCdYI8Qb02/ij/DlU9ItG93Dty4SWfJeLFrotOr+wH9IRiWHTqO3mjCyqBWEiU3uSTIbxYbAEQ=="
    },
    "string-left-right": {
      "version": "6.0.17",
      "resolved": "https://registry.npmjs.org/string-left-right/-/string-left-right-6.0.17.tgz",
      "integrity": "sha512-nuyIV4D4ivnwT64E0TudmCRg52NfkumuEUilyoOrHb/Z2wEOF5I+9SI6P+veFKqWKZfGpAs6OqKe4nAjujARyw==",
      "requires": {
        "codsen-utils": "^1.6.4",
        "rfdc": "^1.3.1"
      }
    },
    "string-strip-html": {
      "version": "13.4.8",
      "resolved": "https://registry.npmjs.org/string-strip-html/-/string-strip-html-13.4.8.tgz",
      "integrity": "sha512-vlcRAtx5DN6zXGUx3EYGFg0/JOQWM65mqLgDaBHviQPP+ovUFzqZ30iQ+674JHWr9wNgnzFGxx9TGipPZMnZXg==",
      "requires": {
        "@types/lodash-es": "^4.17.12",
        "codsen-utils": "^1.6.4",
        "html-entities": "^2.5.2",
        "lodash-es": "^4.17.21",
        "ranges-apply": "^7.0.16",
        "ranges-push": "^7.0.15",
        "string-left-right": "^6.0.17"
      }
    },
    "string-trim-spaces-only": {
      "version": "5.0.10",
      "resolved": "https://registry.npmjs.org/string-trim-spaces-only/-/string-trim-spaces-only-5.0.10.tgz",
      "integrity": "sha512-MhmjE5jNqb1Ylo+BARPRlsdChGLrnPpAUWrT1VOxo9WhWwKVUU6CbZTfjwKaQPYTGS/wsX/4Zek88FM2rEb5iA=="
    },
    "temml": {
      "version": "0.10.24",
      "resolved": "https://registry.npmjs.org/temml/-/temml-0.10.24.tgz",
      "integrity": "sha512-72RFSFttscrdbHKCvSxIqD1ZeNH//Ut2PnQaO4DafWsQPYAtIboH1W/TpbQp3YpQrgIU7g2i7tIgnNIKsJuFTA=="
    },
    "tiny-invariant": {
      "version": "1.3.3",
      "resolved": "https://registry.npmjs.org/tiny-invariant/-/tiny-invariant-1.3.3.tgz",
      "integrity": "sha512-+FbBPE1o9QAYvviau/qC5SE3caw21q3xkvWKBtja5vgqOWIHHJ3ioaq1VPfn/Szqctz2bU/oYeKd9/z5BL+PVg=="
    },
    "tmp": {
      "version": "0.2.3",
      "resolved": "https://registry.npmjs.org/tmp/-/tmp-0.2.3.tgz",
      "integrity": "sha512-nZD7m9iCPC5g0pYmcaxogYKggSfLsdxl8of3Q/oIbqCqLLIO9IAF0GWjX1z9NZRHPiXv8Wex4yDCaZsgEw0Y8w=="
    },
    "uc.micro": {
      "version": "2.1.0",
      "resolved": "https://registry.npmjs.org/uc.micro/-/uc.micro-2.1.0.tgz",
      "integrity": "sha512-ARDJmphmdvUk6Glw7y9DQ2bFkKBHwQHLi2lsaH6PPmz/Ka9sFOBsBluozhDltWmnv9u/cF6Rt87znRTPV+yp/A=="
    },
    "yaml": {
      "version": "2.4.1",
      "resolved": "https://registry.npmjs.org/yaml/-/yaml-2.4.1.tgz",
      "integrity": "sha512-pIXzoImaqmfOrL7teGUBt/T7ZDnyeGBWyXQBvOVhLkWLN37GXv8NMLK406UY6dS51JfcQHsmcW5cJ441bHg6Lg=="
    }
  }
}
